
Microsoft Visual Studio Solution File, Format Version 12.00
# Visual Studio Version 17
VisualStudioVersion = 17.2.32526.322
MinimumVisualStudioVersion = 10.0.40219.1
Project("{FAE04EC0-301F-11D3-BF4B-00C04F79EFBC}") = "ClassWork28.03", "ClassWork28.03\ClassWork28.03.csproj", "{DFCF3DFF-A92B-4DBF-B2B7-DFE5C362F8C8}"
EndProject
Global
	GlobalSection(SolutionConfigurationPlatforms) = preSolution
		Debug|Any CPU = Debug|Any CPU
		Release|Any CPU = Release|Any CPU
	EndGlobalSection
	GlobalSection(ProjectConfigurationPlatforms) = postSolution
		{DFCF3DFF-A92B-4DBF-B2B7-DFE5C362F8C8}.Debug|Any CPU.ActiveCfg = Debug|Any CPU
		{DFCF3DFF-A92B-4DBF-B2B7-DFE5C362F8C8}.Debug|Any CPU.Build.0 = Debug|Any CPU
		{DFCF3DFF-A92B-4DBF-B2B7-DFE5C362F8C8}.Release|Any CPU.ActiveCfg = Release|Any CPU
		{DFCF3DFF-A92B-4DBF-B2B7-DFE5C362F8C8}.Release|Any CPU.Build.0 = Release|Any CPU
	EndGlobalSection
	GlobalSection(SolutionProperties) = preSolution
		HideSolutionNode = FALSE
	EndGlobalSection
	GlobalSection(ExtensibilityGlobals) = postSolution
		SolutionGuid = {C668364D-22EE-49E4-AB65-98332D3BC248}
	EndGlobalSection
EndGlobal
